
Microsoft Visual Studio Solution File, Format Version 12.00
# Visual Studio Version 17
VisualStudioVersion = 17.14.36717.8
MinimumVisualStudioVersion = 10.0.40219.1
Project("{8BC9CEB8-8B4A-11D0-8D11-00A0C91BC942}") = "XamlToolkit.WinUI.Rive", "XamlToolkit.WinUI.Rive\XamlToolkit.WinUI.Rive.vcxproj", "{4EB18EC2-0814-4E6C-AE83-12243D3A6A27}"
EndProject
Project("{2150E333-8FDC-42A3-9474-1A3956D46DE8}") = "DotNet", "DotNet", "{02EA681E-C7D8-13C7-8484-4AC65E1B71E8}"
EndProject
Project("{FAE04EC0-301F-11D3-BF4B-00C04F79EFBC}") = "XamlToolkit.WinUI.Rive.Interop", "dotnet\XamlToolkit.WinUI.Rive.Interop.csproj", "{A02CFD08-8D9C-4676-C585-701AE0A0392C}"
EndProject
Project("{2150E333-8FDC-42A3-9474-1A3956D46DE8}") = "NuGet", "NuGet", "{BCF3FF5E-E868-44C8-9AD5-A0F8014ABDC2}"
	ProjectSection(SolutionItems) = preProject
		nuget\XamlToolkit.WinUI.Rive.Managed.targets = nuget\XamlToolkit.WinUI.Rive.Managed.targets
		nuget\XamlToolkit.WinUI.Rive.Native.targets = nuget\XamlToolkit.WinUI.Rive.Native.targets
		nuget\XamlToolkit.WinUI.Rive.nuspec = nuget\XamlToolkit.WinUI.Rive.nuspec
	EndProjectSection
EndProject
Project("{2150E333-8FDC-42A3-9474-1A3956D46DE8}") = "Docs", "Docs", "{D949751F-8E73-423F-AE47-92B69AB0CA23}"
	ProjectSection(SolutionItems) = preProject
		README.md = README.md
	EndProjectSection
EndProject
Global
	GlobalSection(SolutionConfigurationPlatforms) = preSolution
		Debug|Any CPU = Debug|Any CPU
		Debug|ARM64 = Debug|ARM64
		Debug|x64 = Debug|x64
		Debug|x86 = Debug|x86
		Release|Any CPU = Release|Any CPU
		Release|ARM64 = Release|ARM64
		Release|x64 = Release|x64
		Release|x86 = Release|x86
	EndGlobalSection
	GlobalSection(ProjectConfigurationPlatforms) = postSolution
		{4EB18EC2-0814-4E6C-AE83-12243D3A6A27}.Debug|Any CPU.ActiveCfg = Debug|x64
		{4EB18EC2-0814-4E6C-AE83-12243D3A6A27}.Debug|Any CPU.Build.0 = Debug|x64
		{4EB18EC2-0814-4E6C-AE83-12243D3A6A27}.Debug|ARM64.ActiveCfg = Debug|ARM64
		{4EB18EC2-0814-4E6C-AE83-12243D3A6A27}.Debug|ARM64.Build.0 = Debug|ARM64
		{4EB18EC2-0814-4E6C-AE83-12243D3A6A27}.Debug|x64.ActiveCfg = Debug|x64
		{4EB18EC2-0814-4E6C-AE83-12243D3A6A27}.Debug|x64.Build.0 = Debug|x64
		{4EB18EC2-0814-4E6C-AE83-12243D3A6A27}.Debug|x86.ActiveCfg = Debug|Win32
		{4EB18EC2-0814-4E6C-AE83-12243D3A6A27}.Debug|x86.Build.0 = Debug|Win32
		{4EB18EC2-0814-4E6C-AE83-12243D3A6A27}.Release|Any CPU.ActiveCfg = Release|x64
		{4EB18EC2-0814-4E6C-AE83-12243D3A6A27}.Release|Any CPU.Build.0 = Release|x64
		{4EB18EC2-0814-4E6C-AE83-12243D3A6A27}.Release|ARM64.ActiveCfg = Release|ARM64
		{4EB18EC2-0814-4E6C-AE83-12243D3A6A27}.Release|ARM64.Build.0 = Release|ARM64
		{4EB18EC2-0814-4E6C-AE83-12243D3A6A27}.Release|x64.ActiveCfg = Release|x64
		{4EB18EC2-0814-4E6C-AE83-12243D3A6A27}.Release|x64.Build.0 = Release|x64
		{4EB18EC2-0814-4E6C-AE83-12243D3A6A27}.Release|x86.ActiveCfg = Release|Win32
		{4EB18EC2-0814-4E6C-AE83-12243D3A6A27}.Release|x86.Build.0 = Release|Win32
		{A02CFD08-8D9C-4676-C585-701AE0A0392C}.Debug|Any CPU.ActiveCfg = Debug|Any CPU
		{A02CFD08-8D9C-4676-C585-701AE0A0392C}.Debug|Any CPU.Build.0 = Debug|Any CPU
		{A02CFD08-8D9C-4676-C585-701AE0A0392C}.Debug|ARM64.ActiveCfg = Debug|Any CPU
		{A02CFD08-8D9C-4676-C585-701AE0A0392C}.Debug|ARM64.Build.0 = Debug|Any CPU
		{A02CFD08-8D9C-4676-C585-701AE0A0392C}.Debug|x64.ActiveCfg = Debug|Any CPU
		{A02CFD08-8D9C-4676-C585-701AE0A0392C}.Debug|x64.Build.0 = Debug|Any CPU
		{A02CFD08-8D9C-4676-C585-701AE0A0392C}.Debug|x86.ActiveCfg = Debug|Any CPU
		{A02CFD08-8D9C-4676-C585-701AE0A0392C}.Debug|x86.Build.0 = Debug|Any CPU
		{A02CFD08-8D9C-4676-C585-701AE0A0392C}.Release|Any CPU.ActiveCfg = Release|Any CPU
		{A02CFD08-8D9C-4676-C585-701AE0A0392C}.Release|Any CPU.Build.0 = Release|Any CPU
		{A02CFD08-8D9C-4676-C585-701AE0A0392C}.Release|ARM64.ActiveCfg = Release|Any CPU
		{A02CFD08-8D9C-4676-C585-701AE0A0392C}.Release|ARM64.Build.0 = Release|Any CPU
		{A02CFD08-8D9C-4676-C585-701AE0A0392C}.Release|x64.ActiveCfg = Release|Any CPU
		{A02CFD08-8D9C-4676-C585-701AE0A0392C}.Release|x64.Build.0 = Release|Any CPU
		{A02CFD08-8D9C-4676-C585-701AE0A0392C}.Release|x86.ActiveCfg = Release|Any CPU
		{A02CFD08-8D9C-4676-C585-701AE0A0392C}.Release|x86.Build.0 = Release|Any CPU
	EndGlobalSection
	GlobalSection(SolutionProperties) = preSolution
		HideSolutionNode = FALSE
	EndGlobalSection
	GlobalSection(NestedProjects) = preSolution
		{A02CFD08-8D9C-4676-C585-701AE0A0392C} = {02EA681E-C7D8-13C7-8484-4AC65E1B71E8}
	EndGlobalSection
	GlobalSection(ExtensibilityGlobals) = postSolution
		SolutionGuid = {7160643C-BB68-49C4-805A-5D41F56F126A}
	EndGlobalSection
EndGlobal
